
Microsoft Visual Studio Solution File, Format Version 12.00
# Visual Studio Version 17
VisualStudioVersion = 17.7.34031.279
MinimumVisualStudioVersion = 10.0.40219.1
Project("{FAE04EC0-301F-11D3-BF4B-00C04F79EFBC}") = "HospitalManagement", "HospitalManagement\HospitalManagement.csproj", "{1E3DC632-2448-4FBB-8330-DBD8269159AB}"
EndProject
Global
	GlobalSection(SolutionConfigurationPlatforms) = preSolution
		Debug|Any CPU = Debug|Any CPU
		Release|Any CPU = Release|Any CPU
	EndGlobalSection
	GlobalSection(ProjectConfigurationPlatforms) = postSolution
		{1E3DC632-2448-4FBB-8330-DBD8269159AB}.Debug|Any CPU.ActiveCfg = Debug|Any CPU
		{1E3DC632-2448-4FBB-8330-DBD8269159AB}.Debug|Any CPU.Build.0 = Debug|Any CPU
		{1E3DC632-2448-4FBB-8330-DBD8269159AB}.Release|Any CPU.ActiveCfg = Release|Any CPU
		{1E3DC632-2448-4FBB-8330-DBD8269159AB}.Release|Any CPU.Build.0 = Release|Any CPU
	EndGlobalSection
	GlobalSection(SolutionProperties) = preSolution
		HideSolutionNode = FALSE
	EndGlobalSection
	GlobalSection(ExtensibilityGlobals) = postSolution
		SolutionGuid = {01ACA0E7-735F-46E6-AF70-5318A055C68D}
	EndGlobalSection
EndGlobal
